
Microsoft Visual Studio Solution File, Format Version 12.00
# Visual Studio Version 17
VisualStudioVersion = 17.0.31903.59
MinimumVisualStudioVersion = 10.0.40219.1
Project("{FAE04EC0-301F-11D3-BF4B-00C04F79EFBC}") = "Zhipu4", "Zhipu4\Zhipu4.csproj", "{67A08AD0-751C-4EA1-9555-4207111936B2}"
EndProject
Project("{FAE04EC0-301F-11D3-BF4B-00C04F79EFBC}") = "ChatDemo", "ChatDemo\ChatDemo.csproj", "{792FB6E2-55DF-4329-B2FF-6F15E519DB0E}"
EndProject
Global
	GlobalSection(SolutionConfigurationPlatforms) = preSolution
		Debug|Any CPU = Debug|Any CPU
		Release|Any CPU = Release|Any CPU
	EndGlobalSection
	GlobalSection(SolutionProperties) = preSolution
		HideSolutionNode = FALSE
	EndGlobalSection
	GlobalSection(ProjectConfigurationPlatforms) = postSolution
		{67A08AD0-751C-4EA1-9555-4207111936B2}.Debug|Any CPU.ActiveCfg = Debug|Any CPU
		{67A08AD0-751C-4EA1-9555-4207111936B2}.Debug|Any CPU.Build.0 = Debug|Any CPU
		{67A08AD0-751C-4EA1-9555-4207111936B2}.Release|Any CPU.ActiveCfg = Release|Any CPU
		{67A08AD0-751C-4EA1-9555-4207111936B2}.Release|Any CPU.Build.0 = Release|Any CPU
		{792FB6E2-55DF-4329-B2FF-6F15E519DB0E}.Debug|Any CPU.ActiveCfg = Debug|Any CPU
		{792FB6E2-55DF-4329-B2FF-6F15E519DB0E}.Debug|Any CPU.Build.0 = Debug|Any CPU
		{792FB6E2-55DF-4329-B2FF-6F15E519DB0E}.Release|Any CPU.ActiveCfg = Release|Any CPU
		{792FB6E2-55DF-4329-B2FF-6F15E519DB0E}.Release|Any CPU.Build.0 = Release|Any CPU
	EndGlobalSection
EndGlobal
